
Microsoft Visual Studio Solution File, Format Version 12.00
# Visual Studio Version 16
VisualStudioVersion = 16.0.29326.143
MinimumVisualStudioVersion = 10.0.40219.1
Project("{FAE04EC0-301F-11D3-BF4B-00C04F79EFBC}") = "Kraken-Demo", "Kraken-Demo\Kraken-Demo.csproj", "{3E41D099-8754-4F5D-99E1-F7E1EA38C69E}"
EndProject
Global
	GlobalSection(SolutionConfigurationPlatforms) = preSolution
		Debug|Any CPU = Debug|Any CPU
		Release|Any CPU = Release|Any CPU
	EndGlobalSection
	GlobalSection(ProjectConfigurationPlatforms) = postSolution
		{3E41D099-8754-4F5D-99E1-F7E1EA38C69E}.Debug|Any CPU.ActiveCfg = Debug|Any CPU
		{3E41D099-8754-4F5D-99E1-F7E1EA38C69E}.Debug|Any CPU.Build.0 = Debug|Any CPU
		{3E41D099-8754-4F5D-99E1-F7E1EA38C69E}.Release|Any CPU.ActiveCfg = Release|Any CPU
		{3E41D099-8754-4F5D-99E1-F7E1EA38C69E}.Release|Any CPU.Build.0 = Release|Any CPU
	EndGlobalSection
	GlobalSection(SolutionProperties) = preSolution
		HideSolutionNode = FALSE
	EndGlobalSection
	GlobalSection(ExtensibilityGlobals) = postSolution
		SolutionGuid = {B62A6A0C-36B7-40B2-87F4-3123263CDE2E}
	EndGlobalSection
EndGlobal
